
Microsoft Visual Studio Solution File, Format Version 12.00
# Visual Studio Version 17
VisualStudioVersion = 17.14.37111.16
MinimumVisualStudioVersion = 10.0.40219.1
Project("{FAE04EC0-301F-11D3-BF4B-00C04F79EFBC}") = "Calculator.Tests.", "Calculator.Tests\Calculator.Tests..csproj", "{8DAABD3C-C5BC-47E1-A4DC-E7781E2FA6D1}"
EndProject
Project("{FAE04EC0-301F-11D3-BF4B-00C04F79EFBC}") = "CalculatorAppNet8", "CalculatorAppNet8\CalculatorAppNet8.csproj", "{118C930B-D843-4EB0-8D8E-1160C6C54F4C}"
EndProject
Global
	GlobalSection(SolutionConfigurationPlatforms) = preSolution
		Debug|Any CPU = Debug|Any CPU
		Release|Any CPU = Release|Any CPU
	EndGlobalSection
	GlobalSection(ProjectConfigurationPlatforms) = postSolution
		{8DAABD3C-C5BC-47E1-A4DC-E7781E2FA6D1}.Debug|Any CPU.ActiveCfg = Debug|Any CPU
		{8DAABD3C-C5BC-47E1-A4DC-E7781E2FA6D1}.Debug|Any CPU.Build.0 = Debug|Any CPU
		{8DAABD3C-C5BC-47E1-A4DC-E7781E2FA6D1}.Release|Any CPU.ActiveCfg = Release|Any CPU
		{8DAABD3C-C5BC-47E1-A4DC-E7781E2FA6D1}.Release|Any CPU.Build.0 = Release|Any CPU
		{118C930B-D843-4EB0-8D8E-1160C6C54F4C}.Debug|Any CPU.ActiveCfg = Debug|Any CPU
		{118C930B-D843-4EB0-8D8E-1160C6C54F4C}.Debug|Any CPU.Build.0 = Debug|Any CPU
		{118C930B-D843-4EB0-8D8E-1160C6C54F4C}.Release|Any CPU.ActiveCfg = Release|Any CPU
		{118C930B-D843-4EB0-8D8E-1160C6C54F4C}.Release|Any CPU.Build.0 = Release|Any CPU
	EndGlobalSection
	GlobalSection(SolutionProperties) = preSolution
		HideSolutionNode = FALSE
	EndGlobalSection
	GlobalSection(ExtensibilityGlobals) = postSolution
		SolutionGuid = {FCFD4C77-46A6-4CF8-8786-7C26CED8C367}
	EndGlobalSection
EndGlobal
